
Microsoft Visual Studio Solution File, Format Version 12.00
# Visual Studio 2013
VisualStudioVersion = 12.0.31101.0
MinimumVisualStudioVersion = 10.0.40219.1
Project("{FAE04EC0-301F-11D3-BF4B-00C04F79EFBC}") = "Api", "Api\Api.csproj", "{9F79A597-009F-4906-8FEF-CEAA144D5216}"
EndProject
Project("{2150E333-8FDC-42A3-9474-1A3956D46DE8}") = ".nuget", ".nuget", "{65C18675-6533-4A95-926E-6BCBC5771678}"
	ProjectSection(SolutionItems) = preProject
		.nuget\NuGet.Config = .nuget\NuGet.Config
		.nuget\NuGet.exe = .nuget\NuGet.exe
		.nuget\NuGet.targets = .nuget\NuGet.targets
	EndProjectSection
EndProject
Project("{FAE04EC0-301F-11D3-BF4B-00C04F79EFBC}") = "EF", "EF\EF.csproj", "{81216DB4-D0B1-4D39-95D9-D81BBC2A0BC3}"
EndProject
Project("{FAE04EC0-301F-11D3-BF4B-00C04F79EFBC}") = "Generator", "FrontCsprojGenerator\Generator.csproj", "{C254A6AB-3A4F-4388-87CB-67115573AE43}"
EndProject
Project("{FAE04EC0-301F-11D3-BF4B-00C04F79EFBC}") = "infostyleAutogenerated", "infostyle\infostyleAutogenerated.csproj", "{20283097-FF16-41FE-8EB9-00944A39B105}"
EndProject
Global
	GlobalSection(SolutionConfigurationPlatforms) = preSolution
		Debug|Any CPU = Debug|Any CPU
		Release|Any CPU = Release|Any CPU
	EndGlobalSection
	GlobalSection(ProjectConfigurationPlatforms) = postSolution
		{9F79A597-009F-4906-8FEF-CEAA144D5216}.Debug|Any CPU.ActiveCfg = Debug|Any CPU
		{9F79A597-009F-4906-8FEF-CEAA144D5216}.Debug|Any CPU.Build.0 = Debug|Any CPU
		{9F79A597-009F-4906-8FEF-CEAA144D5216}.Release|Any CPU.ActiveCfg = Release|Any CPU
		{9F79A597-009F-4906-8FEF-CEAA144D5216}.Release|Any CPU.Build.0 = Release|Any CPU
		{81216DB4-D0B1-4D39-95D9-D81BBC2A0BC3}.Debug|Any CPU.ActiveCfg = Debug|Any CPU
		{81216DB4-D0B1-4D39-95D9-D81BBC2A0BC3}.Debug|Any CPU.Build.0 = Debug|Any CPU
		{81216DB4-D0B1-4D39-95D9-D81BBC2A0BC3}.Release|Any CPU.ActiveCfg = Release|Any CPU
		{81216DB4-D0B1-4D39-95D9-D81BBC2A0BC3}.Release|Any CPU.Build.0 = Release|Any CPU
		{C254A6AB-3A4F-4388-87CB-67115573AE43}.Debug|Any CPU.ActiveCfg = Debug|Any CPU
		{C254A6AB-3A4F-4388-87CB-67115573AE43}.Debug|Any CPU.Build.0 = Debug|Any CPU
		{C254A6AB-3A4F-4388-87CB-67115573AE43}.Release|Any CPU.ActiveCfg = Release|Any CPU
		{C254A6AB-3A4F-4388-87CB-67115573AE43}.Release|Any CPU.Build.0 = Release|Any CPU
		{20283097-FF16-41FE-8EB9-00944A39B105}.Debug|Any CPU.ActiveCfg = Debug|x86
		{20283097-FF16-41FE-8EB9-00944A39B105}.Release|Any CPU.ActiveCfg = Debug|x86
	EndGlobalSection
	GlobalSection(SolutionProperties) = preSolution
		HideSolutionNode = FALSE
	EndGlobalSection
EndGlobal
